
Microsoft Visual Studio Solution File, Format Version 12.00
# Visual Studio Version 17
VisualStudioVersion = 17.14.36401.2 d17.14
MinimumVisualStudioVersion = 10.0.40219.1
Project("{FAE04EC0-301F-11D3-BF4B-00C04F79EFBC}") = "Project", "Project\Project.csproj", "{03C37412-A973-4C5E-8F40-7D1A76417A4A}"
EndProject
Global
	GlobalSection(SolutionConfigurationPlatforms) = preSolution
		Debug|Any CPU = Debug|Any CPU
		Release|Any CPU = Release|Any CPU
	EndGlobalSection
	GlobalSection(ProjectConfigurationPlatforms) = postSolution
		{03C37412-A973-4C5E-8F40-7D1A76417A4A}.Debug|Any CPU.ActiveCfg = Debug|Any CPU
		{03C37412-A973-4C5E-8F40-7D1A76417A4A}.Debug|Any CPU.Build.0 = Debug|Any CPU
		{03C37412-A973-4C5E-8F40-7D1A76417A4A}.Release|Any CPU.ActiveCfg = Release|Any CPU
		{03C37412-A973-4C5E-8F40-7D1A76417A4A}.Release|Any CPU.Build.0 = Release|Any CPU
	EndGlobalSection
	GlobalSection(SolutionProperties) = preSolution
		HideSolutionNode = FALSE
	EndGlobalSection
	GlobalSection(ExtensibilityGlobals) = postSolution
		SolutionGuid = {F528C794-BFB2-469F-8797-39A43EE3C62D}
	EndGlobalSection
EndGlobal
